
Microsoft Visual Studio Solution File, Format Version 12.00
# Visual Studio Version 17
VisualStudioVersion = 17.5.002.0
MinimumVisualStudioVersion = 10.0.40219.1
Project("{2150E333-8FDC-42A3-9474-1A3956D46DE8}") = "sandbox", "sandbox", "{22E390E8-23F2-4310-9ADA-1CBC43B4FB90}"
EndProject
Project("{9A19103F-16F7-4668-BE54-9A1E7A4F7556}") = "sandbox_project", "sandbox\sandbox_project\sandbox_project.csproj", "{56ED1922-69CD-44FC-8565-2BBD2F905CF6}"
EndProject
Project("{2150E333-8FDC-42A3-9474-1A3956D46DE8}") = "week01", "week01", "{E6392F30-FDBE-4B9E-956B-2A1CF8825FCB}"
EndProject
Project("{9A19103F-16F7-4668-BE54-9A1E7A4F7556}") = "analyze", "week01\analyze\analyze.csproj", "{0228E415-3BC4-4E9C-A798-8B9EC6AB04EF}"
EndProject
Project("{9A19103F-16F7-4668-BE54-9A1E7A4F7556}") = "code", "week01\code\code.csproj", "{F6E7EC23-EF9B-4120-B09D-B08D918A1572}"
EndProject
Project("{9A19103F-16F7-4668-BE54-9A1E7A4F7556}") = "teach", "week01\teach\teach.csproj", "{D572462F-9D1F-49E5-BE22-9BF2A0A63435}"
EndProject
Project("{2150E333-8FDC-42A3-9474-1A3956D46DE8}") = "week02", "week02", "{ED2B52F4-6E69-4E11-B466-020E51871009}"
EndProject
Project("{9A19103F-16F7-4668-BE54-9A1E7A4F7556}") = "analyze", "week02\analyze\analyze.csproj", "{08A1D7AD-2B92-4530-8417-1D3D9CE0E225}"
EndProject
Project("{9A19103F-16F7-4668-BE54-9A1E7A4F7556}") = "code", "week02\code\code.csproj", "{4CF2637C-1054-44A0-AF45-6F8B5D43C47A}"
EndProject
Project("{9A19103F-16F7-4668-BE54-9A1E7A4F7556}") = "learn", "week02\learn\learn.csproj", "{5826E6F8-D7E3-4EEC-8597-217792F7301B}"
EndProject
Project("{9A19103F-16F7-4668-BE54-9A1E7A4F7556}") = "teach", "week02\teach\teach.csproj", "{5931B8EF-6FDB-41C0-8781-FF2157D8488C}"
EndProject
Project("{2150E333-8FDC-42A3-9474-1A3956D46DE8}") = "week03", "week03", "{106ABE43-028A-41B5-A2B9-53412F818AEF}"
EndProject
Project("{9A19103F-16F7-4668-BE54-9A1E7A4F7556}") = "code", "week03\code\code.csproj", "{4CC8BC01-5C71-4D8F-BAF3-0DB6869C0C70}"
EndProject
Project("{9A19103F-16F7-4668-BE54-9A1E7A4F7556}") = "learn", "week03\learn\learn.csproj", "{BE181841-6166-47A9-9E04-B8E7476A34F7}"
EndProject
Project("{9A19103F-16F7-4668-BE54-9A1E7A4F7556}") = "teach", "week03\teach\teach.csproj", "{6B3BC7C0-DC40-4D0A-AB09-1A7045CF7386}"
EndProject
Project("{2150E333-8FDC-42A3-9474-1A3956D46DE8}") = "week04", "week04", "{F663B024-8E2D-4966-A858-FEC7189388E2}"
EndProject
Project("{9A19103F-16F7-4668-BE54-9A1E7A4F7556}") = "code", "week04\code\code.csproj", "{58D95342-7574-441A-8489-D6DCD25A9861}"
EndProject
Project("{2150E333-8FDC-42A3-9474-1A3956D46DE8}") = "week05", "week05", "{85FBAAE4-3D34-4F80-BF7B-2E575F4B7668}"
EndProject
Project("{9A19103F-16F7-4668-BE54-9A1E7A4F7556}") = "code", "week05\code\code.csproj", "{DB9CF2E6-6FA6-4C59-A64C-F89345FA95E3}"
EndProject
Project("{2150E333-8FDC-42A3-9474-1A3956D46DE8}") = "week06", "week06", "{E2DA8D90-461A-4FFA-82F9-DF7470D51C5D}"
EndProject
Project("{9A19103F-16F7-4668-BE54-9A1E7A4F7556}") = "code", "week06\code\code.csproj", "{0BC29CB4-EA59-4FA5-B5CA-9471D4A29CC3}"
EndProject
Global
	GlobalSection(SolutionConfigurationPlatforms) = preSolution
		Debug|Any CPU = Debug|Any CPU
		Release|Any CPU = Release|Any CPU
	EndGlobalSection
	GlobalSection(ProjectConfigurationPlatforms) = postSolution
		{56ED1922-69CD-44FC-8565-2BBD2F905CF6}.Debug|Any CPU.ActiveCfg = Debug|Any CPU
		{56ED1922-69CD-44FC-8565-2BBD2F905CF6}.Debug|Any CPU.Build.0 = Debug|Any CPU
		{56ED1922-69CD-44FC-8565-2BBD2F905CF6}.Release|Any CPU.ActiveCfg = Release|Any CPU
		{56ED1922-69CD-44FC-8565-2BBD2F905CF6}.Release|Any CPU.Build.0 = Release|Any CPU
		{0228E415-3BC4-4E9C-A798-8B9EC6AB04EF}.Debug|Any CPU.ActiveCfg = Debug|Any CPU
		{0228E415-3BC4-4E9C-A798-8B9EC6AB04EF}.Debug|Any CPU.Build.0 = Debug|Any CPU
		{0228E415-3BC4-4E9C-A798-8B9EC6AB04EF}.Release|Any CPU.ActiveCfg = Release|Any CPU
		{0228E415-3BC4-4E9C-A798-8B9EC6AB04EF}.Release|Any CPU.Build.0 = Release|Any CPU
		{F6E7EC23-EF9B-4120-B09D-B08D918A1572}.Debug|Any CPU.ActiveCfg = Debug|Any CPU
		{F6E7EC23-EF9B-4120-B09D-B08D918A1572}.Debug|Any CPU.Build.0 = Debug|Any CPU
		{F6E7EC23-EF9B-4120-B09D-B08D918A1572}.Release|Any CPU.ActiveCfg = Release|Any CPU
		{F6E7EC23-EF9B-4120-B09D-B08D918A1572}.Release|Any CPU.Build.0 = Release|Any CPU
		{D572462F-9D1F-49E5-BE22-9BF2A0A63435}.Debug|Any CPU.ActiveCfg = Debug|Any CPU
		{D572462F-9D1F-49E5-BE22-9BF2A0A63435}.Debug|Any CPU.Build.0 = Debug|Any CPU
		{D572462F-9D1F-49E5-BE22-9BF2A0A63435}.Release|Any CPU.ActiveCfg = Release|Any CPU
		{D572462F-9D1F-49E5-BE22-9BF2A0A63435}.Release|Any CPU.Build.0 = Release|Any CPU
		{08A1D7AD-2B92-4530-8417-1D3D9CE0E225}.Debug|Any CPU.ActiveCfg = Debug|Any CPU
		{08A1D7AD-2B92-4530-8417-1D3D9CE0E225}.Debug|Any CPU.Build.0 = Debug|Any CPU
		{08A1D7AD-2B92-4530-8417-1D3D9CE0E225}.Release|Any CPU.ActiveCfg = Release|Any CPU
		{08A1D7AD-2B92-4530-8417-1D3D9CE0E225}.Release|Any CPU.Build.0 = Release|Any CPU
		{4CF2637C-1054-44A0-AF45-6F8B5D43C47A}.Debug|Any CPU.ActiveCfg = Debug|Any CPU
		{4CF2637C-1054-44A0-AF45-6F8B5D43C47A}.Debug|Any CPU.Build.0 = Debug|Any CPU
		{4CF2637C-1054-44A0-AF45-6F8B5D43C47A}.Release|Any CPU.ActiveCfg = Release|Any CPU
		{4CF2637C-1054-44A0-AF45-6F8B5D43C47A}.Release|Any CPU.Build.0 = Release|Any CPU
		{5826E6F8-D7E3-4EEC-8597-217792F7301B}.Debug|Any CPU.ActiveCfg = Debug|Any CPU
		{5826E6F8-D7E3-4EEC-8597-217792F7301B}.Debug|Any CPU.Build.0 = Debug|Any CPU
		{5826E6F8-D7E3-4EEC-8597-217792F7301B}.Release|Any CPU.ActiveCfg = Release|Any CPU
		{5826E6F8-D7E3-4EEC-8597-217792F7301B}.Release|Any CPU.Build.0 = Release|Any CPU
		{5931B8EF-6FDB-41C0-8781-FF2157D8488C}.Debug|Any CPU.ActiveCfg = Debug|Any CPU
		{5931B8EF-6FDB-41C0-8781-FF2157D8488C}.Debug|Any CPU.Build.0 = Debug|Any CPU
		{5931B8EF-6FDB-41C0-8781-FF2157D8488C}.Release|Any CPU.ActiveCfg = Release|Any CPU
		{5931B8EF-6FDB-41C0-8781-FF2157D8488C}.Release|Any CPU.Build.0 = Release|Any CPU
		{4CC8BC01-5C71-4D8F-BAF3-0DB6869C0C70}.Debug|Any CPU.ActiveCfg = Debug|Any CPU
		{4CC8BC01-5C71-4D8F-BAF3-0DB6869C0C70}.Debug|Any CPU.Build.0 = Debug|Any CPU
		{4CC8BC01-5C71-4D8F-BAF3-0DB6869C0C70}.Release|Any CPU.ActiveCfg = Release|Any CPU
		{4CC8BC01-5C71-4D8F-BAF3-0DB6869C0C70}.Release|Any CPU.Build.0 = Release|Any CPU
		{BE181841-6166-47A9-9E04-B8E7476A34F7}.Debug|Any CPU.ActiveCfg = Debug|Any CPU
		{BE181841-6166-47A9-9E04-B8E7476A34F7}.Debug|Any CPU.Build.0 = Debug|Any CPU
		{BE181841-6166-47A9-9E04-B8E7476A34F7}.Release|Any CPU.ActiveCfg = Release|Any CPU
		{BE181841-6166-47A9-9E04-B8E7476A34F7}.Release|Any CPU.Build.0 = Release|Any CPU
		{6B3BC7C0-DC40-4D0A-AB09-1A7045CF7386}.Debug|Any CPU.ActiveCfg = Debug|Any CPU
		{6B3BC7C0-DC40-4D0A-AB09-1A7045CF7386}.Debug|Any CPU.Build.0 = Debug|Any CPU
		{6B3BC7C0-DC40-4D0A-AB09-1A7045CF7386}.Release|Any CPU.ActiveCfg = Release|Any CPU
		{6B3BC7C0-DC40-4D0A-AB09-1A7045CF7386}.Release|Any CPU.Build.0 = Release|Any CPU
		{58D95342-7574-441A-8489-D6DCD25A9861}.Debug|Any CPU.ActiveCfg = Debug|Any CPU
		{58D95342-7574-441A-8489-D6DCD25A9861}.Debug|Any CPU.Build.0 = Debug|Any CPU
		{58D95342-7574-441A-8489-D6DCD25A9861}.Release|Any CPU.ActiveCfg = Release|Any CPU
		{58D95342-7574-441A-8489-D6DCD25A9861}.Release|Any CPU.Build.0 = Release|Any CPU
		{DB9CF2E6-6FA6-4C59-A64C-F89345FA95E3}.Debug|Any CPU.ActiveCfg = Debug|Any CPU
		{DB9CF2E6-6FA6-4C59-A64C-F89345FA95E3}.Debug|Any CPU.Build.0 = Debug|Any CPU
		{DB9CF2E6-6FA6-4C59-A64C-F89345FA95E3}.Release|Any CPU.ActiveCfg = Release|Any CPU
		{DB9CF2E6-6FA6-4C59-A64C-F89345FA95E3}.Release|Any CPU.Build.0 = Release|Any CPU
		{0BC29CB4-EA59-4FA5-B5CA-9471D4A29CC3}.Debug|Any CPU.ActiveCfg = Debug|Any CPU
		{0BC29CB4-EA59-4FA5-B5CA-9471D4A29CC3}.Debug|Any CPU.Build.0 = Debug|Any CPU
		{0BC29CB4-EA59-4FA5-B5CA-9471D4A29CC3}.Release|Any CPU.ActiveCfg = Release|Any CPU
		{0BC29CB4-EA59-4FA5-B5CA-9471D4A29CC3}.Release|Any CPU.Build.0 = Release|Any CPU
	EndGlobalSection
	GlobalSection(SolutionProperties) = preSolution
		HideSolutionNode = FALSE
	EndGlobalSection
	GlobalSection(NestedProjects) = preSolution
		{56ED1922-69CD-44FC-8565-2BBD2F905CF6} = {22E390E8-23F2-4310-9ADA-1CBC43B4FB90}
		{0228E415-3BC4-4E9C-A798-8B9EC6AB04EF} = {E6392F30-FDBE-4B9E-956B-2A1CF8825FCB}
		{F6E7EC23-EF9B-4120-B09D-B08D918A1572} = {E6392F30-FDBE-4B9E-956B-2A1CF8825FCB}
		{D572462F-9D1F-49E5-BE22-9BF2A0A63435} = {E6392F30-FDBE-4B9E-956B-2A1CF8825FCB}
		{08A1D7AD-2B92-4530-8417-1D3D9CE0E225} = {ED2B52F4-6E69-4E11-B466-020E51871009}
		{4CF2637C-1054-44A0-AF45-6F8B5D43C47A} = {ED2B52F4-6E69-4E11-B466-020E51871009}
		{5826E6F8-D7E3-4EEC-8597-217792F7301B} = {ED2B52F4-6E69-4E11-B466-020E51871009}
		{5931B8EF-6FDB-41C0-8781-FF2157D8488C} = {ED2B52F4-6E69-4E11-B466-020E51871009}
		{4CC8BC01-5C71-4D8F-BAF3-0DB6869C0C70} = {106ABE43-028A-41B5-A2B9-53412F818AEF}
		{BE181841-6166-47A9-9E04-B8E7476A34F7} = {106ABE43-028A-41B5-A2B9-53412F818AEF}
		{6B3BC7C0-DC40-4D0A-AB09-1A7045CF7386} = {106ABE43-028A-41B5-A2B9-53412F818AEF}
		{58D95342-7574-441A-8489-D6DCD25A9861} = {F663B024-8E2D-4966-A858-FEC7189388E2}
		{DB9CF2E6-6FA6-4C59-A64C-F89345FA95E3} = {85FBAAE4-3D34-4F80-BF7B-2E575F4B7668}
		{0BC29CB4-EA59-4FA5-B5CA-9471D4A29CC3} = {E2DA8D90-461A-4FFA-82F9-DF7470D51C5D}
	EndGlobalSection
	GlobalSection(ExtensibilityGlobals) = postSolution
		SolutionGuid = {8D233BAE-107E-4DD2-9D68-6A8271ABD514}
	EndGlobalSection
EndGlobal
